
Microsoft Visual Studio Solution File, Format Version 12.00
# Visual Studio Version 17
VisualStudioVersion = 17.11.35312.102
MinimumVisualStudioVersion = 10.0.40219.1
Project("{9A19103F-16F7-4668-BE54-9A1E7A4F7556}") = "Server_Manager", "Server_Manager\Server_Manager.csproj", "{D6358A42-6B78-4110-8D91-F597D5F1B8E7}"
EndProject
Project("{9A19103F-16F7-4668-BE54-9A1E7A4F7556}") = "Domain", "Domain\Domain.csproj", "{881FC014-D034-4412-A67A-69FE5DDCCAE5}"
EndProject
Project("{FAE04EC0-301F-11D3-BF4B-00C04F79EFBC}") = "Infrastructure", "Infrastructure\Infrastructure.csproj", "{D1D6735C-CF6E-4622-8301-D6494920EF32}"
EndProject
Global
	GlobalSection(SolutionConfigurationPlatforms) = preSolution
		Debug|Any CPU = Debug|Any CPU
		Release|Any CPU = Release|Any CPU
	EndGlobalSection
	GlobalSection(ProjectConfigurationPlatforms) = postSolution
		{D6358A42-6B78-4110-8D91-F597D5F1B8E7}.Debug|Any CPU.ActiveCfg = Debug|Any CPU
		{D6358A42-6B78-4110-8D91-F597D5F1B8E7}.Debug|Any CPU.Build.0 = Debug|Any CPU
		{D6358A42-6B78-4110-8D91-F597D5F1B8E7}.Release|Any CPU.ActiveCfg = Release|Any CPU
		{D6358A42-6B78-4110-8D91-F597D5F1B8E7}.Release|Any CPU.Build.0 = Release|Any CPU
		{881FC014-D034-4412-A67A-69FE5DDCCAE5}.Debug|Any CPU.ActiveCfg = Debug|Any CPU
		{881FC014-D034-4412-A67A-69FE5DDCCAE5}.Debug|Any CPU.Build.0 = Debug|Any CPU
		{881FC014-D034-4412-A67A-69FE5DDCCAE5}.Release|Any CPU.ActiveCfg = Release|Any CPU
		{881FC014-D034-4412-A67A-69FE5DDCCAE5}.Release|Any CPU.Build.0 = Release|Any CPU
		{D1D6735C-CF6E-4622-8301-D6494920EF32}.Debug|Any CPU.ActiveCfg = Debug|Any CPU
		{D1D6735C-CF6E-4622-8301-D6494920EF32}.Debug|Any CPU.Build.0 = Debug|Any CPU
		{D1D6735C-CF6E-4622-8301-D6494920EF32}.Release|Any CPU.ActiveCfg = Release|Any CPU
		{D1D6735C-CF6E-4622-8301-D6494920EF32}.Release|Any CPU.Build.0 = Release|Any CPU
	EndGlobalSection
	GlobalSection(SolutionProperties) = preSolution
		HideSolutionNode = FALSE
	EndGlobalSection
	GlobalSection(ExtensibilityGlobals) = postSolution
		SolutionGuid = {31E8ED55-323A-4A70-88FE-926755DAC859}
	EndGlobalSection
EndGlobal
